
Microsoft Visual Studio Solution File, Format Version 12.00
# Visual Studio Version 17
VisualStudioVersion = 17.3.32922.545
MinimumVisualStudioVersion = 10.0.40219.1
Project("{FAE04EC0-301F-11D3-BF4B-00C04F79EFBC}") = "ProjeA", "ProjeA\ProjeA.csproj", "{F3BFFEB7-ED62-483D-84AC-57A2A5A97781}"
EndProject
Global
	GlobalSection(SolutionConfigurationPlatforms) = preSolution
		Debug|Any CPU = Debug|Any CPU
		Release|Any CPU = Release|Any CPU
	EndGlobalSection
	GlobalSection(ProjectConfigurationPlatforms) = postSolution
		{F3BFFEB7-ED62-483D-84AC-57A2A5A97781}.Debug|Any CPU.ActiveCfg = Debug|Any CPU
		{F3BFFEB7-ED62-483D-84AC-57A2A5A97781}.Debug|Any CPU.Build.0 = Debug|Any CPU
		{F3BFFEB7-ED62-483D-84AC-57A2A5A97781}.Release|Any CPU.ActiveCfg = Release|Any CPU
		{F3BFFEB7-ED62-483D-84AC-57A2A5A97781}.Release|Any CPU.Build.0 = Release|Any CPU
	EndGlobalSection
	GlobalSection(SolutionProperties) = preSolution
		HideSolutionNode = FALSE
	EndGlobalSection
	GlobalSection(ExtensibilityGlobals) = postSolution
		SolutionGuid = {98A73DFA-B291-47D1-9F9A-8863249882F7}
	EndGlobalSection
EndGlobal
